
Microsoft Visual Studio Solution File, Format Version 12.00
# Visual Studio Version 17
VisualStudioVersion = 17.0.31903.59
MinimumVisualStudioVersion = 10.0.40219.1
Project("{9A19103F-16F7-4668-BE54-9A1E7A4F7556}") = "BigIntegerFib", "01-BigIntegerFib\BigIntegerFib.csproj", "{8653E238-56E2-48DB-9723-D11DC3DEA5DA}"
EndProject
Project("{2150E333-8FDC-42A3-9474-1A3956D46DE8}") = "02-Roslyn", "02-Roslyn", "{49B024C6-2400-4D17-933A-4DFD72DD7FF9}"
EndProject
Project("{9A19103F-16F7-4668-BE54-9A1E7A4F7556}") = "LoggingWorker", "02-Roslyn\LoggingWorker\LoggingWorker.csproj", "{F60895C4-DD29-4835-814A-6027565E2F86}"
EndProject
Project("{9A19103F-16F7-4668-BE54-9A1E7A4F7556}") = "RoslynSamples", "02-Roslyn\RoslynSamples\RoslynSamples.csproj", "{BC5B8E2D-EDE6-4F27-97D4-34F19F4CB1E9}"
EndProject
Project("{2150E333-8FDC-42A3-9474-1A3956D46DE8}") = "03-MinimalAPI", "03-MinimalAPI", "{21FD7290-4562-4F5B-B2A8-81251A83CD5A}"
EndProject
Project("{9A19103F-16F7-4668-BE54-9A1E7A4F7556}") = "MinimalAPI", "03-MinimalAPI\MinimalAPI\MinimalAPI.csproj", "{B6C37A85-9FC6-49D4-B491-C5C1D6F36C7C}"
EndProject
Project("{2150E333-8FDC-42A3-9474-1A3956D46DE8}") = "04-ChatSample", "04-ChatSample", "{7C0EFB97-6DA5-4130-90D5-8C17B6B5BA35}"
EndProject
Project("{9A19103F-16F7-4668-BE54-9A1E7A4F7556}") = "ChatForms", "04-ChatSample\ChatForms\ChatForms.csproj", "{EA10A6A9-6608-4175-A914-9B80E35E879F}"
EndProject
Project("{9A19103F-16F7-4668-BE54-9A1E7A4F7556}") = "ChatSample", "04-ChatSample\ChatSample\ChatSample.csproj", "{DF813B02-0E11-4040-B689-1F3027D630D4}"
EndProject
Project("{2150E333-8FDC-42A3-9474-1A3956D46DE8}") = "05-GrpcGreeter", "05-GrpcGreeter", "{62D2926B-2686-4E61-AAB3-B60A05B3A827}"
EndProject
Project("{9A19103F-16F7-4668-BE54-9A1E7A4F7556}") = "GrpcGreeter", "05-GrpcGreeter\GrpcGreeter\GrpcGreeter.csproj", "{56F6B4FF-239E-4872-82FE-A74382F65588}"
EndProject
Project("{9A19103F-16F7-4668-BE54-9A1E7A4F7556}") = "GrpcGreeterClient", "05-GrpcGreeter\GrpcGreeterClient\GrpcGreeterClient.csproj", "{135196B1-61A9-4DAC-93BF-9C9F251D475E}"
EndProject
Project("{2150E333-8FDC-42A3-9474-1A3956D46DE8}") = "06-Blazor", "06-Blazor", "{00700F84-ED7A-4811-823E-A7732D026CA6}"
EndProject
Project("{9A19103F-16F7-4668-BE54-9A1E7A4F7556}") = "BlazorServer", "06-Blazor\BlazorServer\BlazorServer.csproj", "{E52732F0-C0CD-4CFB-A1C7-CEB7C8370145}"
EndProject
Project("{9A19103F-16F7-4668-BE54-9A1E7A4F7556}") = "BlazorWasm", "06-Blazor\BlazorWasm\BlazorWasm.csproj", "{134DC079-61A4-496D-A669-994A5F2ACA4C}"
EndProject
Project("{2150E333-8FDC-42A3-9474-1A3956D46DE8}") = "01-AOT", "01-AOT", "{03FF5C12-C37F-458F-9705-DCBBA1327C2C}"
EndProject
Global
	GlobalSection(SolutionConfigurationPlatforms) = preSolution
		Debug|Any CPU = Debug|Any CPU
		Release|Any CPU = Release|Any CPU
	EndGlobalSection
	GlobalSection(ProjectConfigurationPlatforms) = postSolution
		{8653E238-56E2-48DB-9723-D11DC3DEA5DA}.Debug|Any CPU.ActiveCfg = Debug|Any CPU
		{8653E238-56E2-48DB-9723-D11DC3DEA5DA}.Debug|Any CPU.Build.0 = Debug|Any CPU
		{8653E238-56E2-48DB-9723-D11DC3DEA5DA}.Release|Any CPU.ActiveCfg = Release|Any CPU
		{8653E238-56E2-48DB-9723-D11DC3DEA5DA}.Release|Any CPU.Build.0 = Release|Any CPU
		{F60895C4-DD29-4835-814A-6027565E2F86}.Debug|Any CPU.ActiveCfg = Debug|Any CPU
		{F60895C4-DD29-4835-814A-6027565E2F86}.Debug|Any CPU.Build.0 = Debug|Any CPU
		{F60895C4-DD29-4835-814A-6027565E2F86}.Release|Any CPU.ActiveCfg = Release|Any CPU
		{F60895C4-DD29-4835-814A-6027565E2F86}.Release|Any CPU.Build.0 = Release|Any CPU
		{BC5B8E2D-EDE6-4F27-97D4-34F19F4CB1E9}.Debug|Any CPU.ActiveCfg = Debug|Any CPU
		{BC5B8E2D-EDE6-4F27-97D4-34F19F4CB1E9}.Debug|Any CPU.Build.0 = Debug|Any CPU
		{BC5B8E2D-EDE6-4F27-97D4-34F19F4CB1E9}.Release|Any CPU.ActiveCfg = Release|Any CPU
		{BC5B8E2D-EDE6-4F27-97D4-34F19F4CB1E9}.Release|Any CPU.Build.0 = Release|Any CPU
		{B6C37A85-9FC6-49D4-B491-C5C1D6F36C7C}.Debug|Any CPU.ActiveCfg = Debug|Any CPU
		{B6C37A85-9FC6-49D4-B491-C5C1D6F36C7C}.Debug|Any CPU.Build.0 = Debug|Any CPU
		{B6C37A85-9FC6-49D4-B491-C5C1D6F36C7C}.Release|Any CPU.ActiveCfg = Release|Any CPU
		{B6C37A85-9FC6-49D4-B491-C5C1D6F36C7C}.Release|Any CPU.Build.0 = Release|Any CPU
		{EA10A6A9-6608-4175-A914-9B80E35E879F}.Debug|Any CPU.ActiveCfg = Debug|Any CPU
		{EA10A6A9-6608-4175-A914-9B80E35E879F}.Debug|Any CPU.Build.0 = Debug|Any CPU
		{EA10A6A9-6608-4175-A914-9B80E35E879F}.Release|Any CPU.ActiveCfg = Release|Any CPU
		{EA10A6A9-6608-4175-A914-9B80E35E879F}.Release|Any CPU.Build.0 = Release|Any CPU
		{DF813B02-0E11-4040-B689-1F3027D630D4}.Debug|Any CPU.ActiveCfg = Debug|Any CPU
		{DF813B02-0E11-4040-B689-1F3027D630D4}.Debug|Any CPU.Build.0 = Debug|Any CPU
		{DF813B02-0E11-4040-B689-1F3027D630D4}.Release|Any CPU.ActiveCfg = Release|Any CPU
		{DF813B02-0E11-4040-B689-1F3027D630D4}.Release|Any CPU.Build.0 = Release|Any CPU
		{56F6B4FF-239E-4872-82FE-A74382F65588}.Debug|Any CPU.ActiveCfg = Debug|Any CPU
		{56F6B4FF-239E-4872-82FE-A74382F65588}.Debug|Any CPU.Build.0 = Debug|Any CPU
		{56F6B4FF-239E-4872-82FE-A74382F65588}.Release|Any CPU.ActiveCfg = Release|Any CPU
		{56F6B4FF-239E-4872-82FE-A74382F65588}.Release|Any CPU.Build.0 = Release|Any CPU
		{135196B1-61A9-4DAC-93BF-9C9F251D475E}.Debug|Any CPU.ActiveCfg = Debug|Any CPU
		{135196B1-61A9-4DAC-93BF-9C9F251D475E}.Debug|Any CPU.Build.0 = Debug|Any CPU
		{135196B1-61A9-4DAC-93BF-9C9F251D475E}.Release|Any CPU.ActiveCfg = Release|Any CPU
		{135196B1-61A9-4DAC-93BF-9C9F251D475E}.Release|Any CPU.Build.0 = Release|Any CPU
		{E52732F0-C0CD-4CFB-A1C7-CEB7C8370145}.Debug|Any CPU.ActiveCfg = Debug|Any CPU
		{E52732F0-C0CD-4CFB-A1C7-CEB7C8370145}.Debug|Any CPU.Build.0 = Debug|Any CPU
		{E52732F0-C0CD-4CFB-A1C7-CEB7C8370145}.Release|Any CPU.ActiveCfg = Release|Any CPU
		{E52732F0-C0CD-4CFB-A1C7-CEB7C8370145}.Release|Any CPU.Build.0 = Release|Any CPU
		{134DC079-61A4-496D-A669-994A5F2ACA4C}.Debug|Any CPU.ActiveCfg = Debug|Any CPU
		{134DC079-61A4-496D-A669-994A5F2ACA4C}.Debug|Any CPU.Build.0 = Debug|Any CPU
		{134DC079-61A4-496D-A669-994A5F2ACA4C}.Release|Any CPU.ActiveCfg = Release|Any CPU
		{134DC079-61A4-496D-A669-994A5F2ACA4C}.Release|Any CPU.Build.0 = Release|Any CPU
	EndGlobalSection
	GlobalSection(SolutionProperties) = preSolution
		HideSolutionNode = FALSE
	EndGlobalSection
	GlobalSection(NestedProjects) = preSolution
		{8653E238-56E2-48DB-9723-D11DC3DEA5DA} = {03FF5C12-C37F-458F-9705-DCBBA1327C2C}
		{F60895C4-DD29-4835-814A-6027565E2F86} = {49B024C6-2400-4D17-933A-4DFD72DD7FF9}
		{BC5B8E2D-EDE6-4F27-97D4-34F19F4CB1E9} = {49B024C6-2400-4D17-933A-4DFD72DD7FF9}
		{B6C37A85-9FC6-49D4-B491-C5C1D6F36C7C} = {21FD7290-4562-4F5B-B2A8-81251A83CD5A}
		{EA10A6A9-6608-4175-A914-9B80E35E879F} = {7C0EFB97-6DA5-4130-90D5-8C17B6B5BA35}
		{DF813B02-0E11-4040-B689-1F3027D630D4} = {7C0EFB97-6DA5-4130-90D5-8C17B6B5BA35}
		{56F6B4FF-239E-4872-82FE-A74382F65588} = {62D2926B-2686-4E61-AAB3-B60A05B3A827}
		{135196B1-61A9-4DAC-93BF-9C9F251D475E} = {62D2926B-2686-4E61-AAB3-B60A05B3A827}
		{E52732F0-C0CD-4CFB-A1C7-CEB7C8370145} = {00700F84-ED7A-4811-823E-A7732D026CA6}
		{134DC079-61A4-496D-A669-994A5F2ACA4C} = {00700F84-ED7A-4811-823E-A7732D026CA6}
	EndGlobalSection
EndGlobal
