
Microsoft Visual Studio Solution File, Format Version 12.00
# Visual Studio Version 17
VisualStudioVersion = 17.0.31903.59
MinimumVisualStudioVersion = 10.0.40219.1
Project("{FAE04EC0-301F-11D3-BF4B-00C04F79EFBC}") = "BlazorServer", "BlazorServer\BlazorServer.csproj", "{1EB6620E-64F7-4324-88A0-2F3D773F4CA0}"
EndProject
Project("{FAE04EC0-301F-11D3-BF4B-00C04F79EFBC}") = "BlazorWasm", "BlazorWasm\BlazorWasm.csproj", "{C12639F5-2813-46D9-A091-99E519A0FBBA}"
EndProject
Global
	GlobalSection(SolutionConfigurationPlatforms) = preSolution
		Debug|Any CPU = Debug|Any CPU
		Release|Any CPU = Release|Any CPU
	EndGlobalSection
	GlobalSection(SolutionProperties) = preSolution
		HideSolutionNode = FALSE
	EndGlobalSection
	GlobalSection(ProjectConfigurationPlatforms) = postSolution
		{1EB6620E-64F7-4324-88A0-2F3D773F4CA0}.Debug|Any CPU.ActiveCfg = Debug|Any CPU
		{1EB6620E-64F7-4324-88A0-2F3D773F4CA0}.Debug|Any CPU.Build.0 = Debug|Any CPU
		{1EB6620E-64F7-4324-88A0-2F3D773F4CA0}.Release|Any CPU.ActiveCfg = Release|Any CPU
		{1EB6620E-64F7-4324-88A0-2F3D773F4CA0}.Release|Any CPU.Build.0 = Release|Any CPU
		{C12639F5-2813-46D9-A091-99E519A0FBBA}.Debug|Any CPU.ActiveCfg = Debug|Any CPU
		{C12639F5-2813-46D9-A091-99E519A0FBBA}.Debug|Any CPU.Build.0 = Debug|Any CPU
		{C12639F5-2813-46D9-A091-99E519A0FBBA}.Release|Any CPU.ActiveCfg = Release|Any CPU
		{C12639F5-2813-46D9-A091-99E519A0FBBA}.Release|Any CPU.Build.0 = Release|Any CPU
	EndGlobalSection
EndGlobal
